
Microsoft Visual Studio Solution File, Format Version 12.00
# Visual Studio Version 17
VisualStudioVersion = 17.2.32616.157
MinimumVisualStudioVersion = 10.0.40219.1
Project("{FAE04EC0-301F-11D3-BF4B-00C04F79EFBC}") = "KampIntro", "KampIntro\KampIntro.csproj", "{80496A06-3837-4FE7-A02A-FEF77563920A}"
EndProject
Project("{FAE04EC0-301F-11D3-BF4B-00C04F79EFBC}") = "donguler", "donguler\donguler.csproj", "{A516A0B4-508A-45F0-B1E8-6561C1882506}"
EndProject
Project("{FAE04EC0-301F-11D3-BF4B-00C04F79EFBC}") = "ClassIntro", "ClassIntro\ClassIntro.csproj", "{A98320B9-A744-4503-BEFE-FFDB1ABF00A2}"
EndProject
Project("{FAE04EC0-301F-11D3-BF4B-00C04F79EFBC}") = "Methodlar", "Methodlar\Methodlar.csproj", "{32B3E235-FF9C-4347-B2E2-94816A8066C5}"
EndProject
Project("{FAE04EC0-301F-11D3-BF4B-00C04F79EFBC}") = "Matematik", "Matematik\Matematik.csproj", "{0E6CCD03-EA86-4A79-976F-1F97EED790CF}"
EndProject
Project("{FAE04EC0-301F-11D3-BF4B-00C04F79EFBC}") = "DegerVeReferansTipler", "DegerVeReferansTipler\DegerVeReferansTipler.csproj", "{BA42E219-66D7-4022-BA27-85613A2938B9}"
EndProject
Project("{FAE04EC0-301F-11D3-BF4B-00C04F79EFBC}") = "OOP1", "OOP1\OOP1.csproj", "{27BEFD7E-AB96-429C-B097-FF5F56759E56}"
EndProject
Project("{FAE04EC0-301F-11D3-BF4B-00C04F79EFBC}") = "Koleksiyonlar", "Koleksiyonlar\Koleksiyonlar.csproj", "{F1EAAF80-F835-4806-A0A0-D31791DB35A9}"
EndProject
Project("{FAE04EC0-301F-11D3-BF4B-00C04F79EFBC}") = "GenericsIntro", "GenericsIntro\GenericsIntro.csproj", "{5D6FB50E-8FCF-44D6-B4E6-2FC17E6A98B8}"
EndProject
Project("{FAE04EC0-301F-11D3-BF4B-00C04F79EFBC}") = "Method", "Method\Method.csproj", "{05BDB16A-3095-4EED-9823-1444544BB969}"
EndProject
Project("{FAE04EC0-301F-11D3-BF4B-00C04F79EFBC}") = "OOP2", "OOP2\OOP2.csproj", "{EC35BBF7-1630-47AE-9B62-58DAF26B5EA2}"
EndProject
Project("{FAE04EC0-301F-11D3-BF4B-00C04F79EFBC}") = "OOP3", "OOP3\OOP3.csproj", "{E72D8E2D-9533-4875-89C3-F524E0EB840B}"
EndProject
Global
	GlobalSection(SolutionConfigurationPlatforms) = preSolution
		Debug|Any CPU = Debug|Any CPU
		Release|Any CPU = Release|Any CPU
	EndGlobalSection
	GlobalSection(ProjectConfigurationPlatforms) = postSolution
		{80496A06-3837-4FE7-A02A-FEF77563920A}.Debug|Any CPU.ActiveCfg = Debug|Any CPU
		{80496A06-3837-4FE7-A02A-FEF77563920A}.Debug|Any CPU.Build.0 = Debug|Any CPU
		{80496A06-3837-4FE7-A02A-FEF77563920A}.Release|Any CPU.ActiveCfg = Release|Any CPU
		{80496A06-3837-4FE7-A02A-FEF77563920A}.Release|Any CPU.Build.0 = Release|Any CPU
		{A516A0B4-508A-45F0-B1E8-6561C1882506}.Debug|Any CPU.ActiveCfg = Debug|Any CPU
		{A516A0B4-508A-45F0-B1E8-6561C1882506}.Debug|Any CPU.Build.0 = Debug|Any CPU
		{A516A0B4-508A-45F0-B1E8-6561C1882506}.Release|Any CPU.ActiveCfg = Release|Any CPU
		{A516A0B4-508A-45F0-B1E8-6561C1882506}.Release|Any CPU.Build.0 = Release|Any CPU
		{A98320B9-A744-4503-BEFE-FFDB1ABF00A2}.Debug|Any CPU.ActiveCfg = Debug|Any CPU
		{A98320B9-A744-4503-BEFE-FFDB1ABF00A2}.Debug|Any CPU.Build.0 = Debug|Any CPU
		{A98320B9-A744-4503-BEFE-FFDB1ABF00A2}.Release|Any CPU.ActiveCfg = Release|Any CPU
		{A98320B9-A744-4503-BEFE-FFDB1ABF00A2}.Release|Any CPU.Build.0 = Release|Any CPU
		{32B3E235-FF9C-4347-B2E2-94816A8066C5}.Debug|Any CPU.ActiveCfg = Debug|Any CPU
		{32B3E235-FF9C-4347-B2E2-94816A8066C5}.Debug|Any CPU.Build.0 = Debug|Any CPU
		{32B3E235-FF9C-4347-B2E2-94816A8066C5}.Release|Any CPU.ActiveCfg = Release|Any CPU
		{32B3E235-FF9C-4347-B2E2-94816A8066C5}.Release|Any CPU.Build.0 = Release|Any CPU
		{0E6CCD03-EA86-4A79-976F-1F97EED790CF}.Debug|Any CPU.ActiveCfg = Debug|Any CPU
		{0E6CCD03-EA86-4A79-976F-1F97EED790CF}.Debug|Any CPU.Build.0 = Debug|Any CPU
		{0E6CCD03-EA86-4A79-976F-1F97EED790CF}.Release|Any CPU.ActiveCfg = Release|Any CPU
		{0E6CCD03-EA86-4A79-976F-1F97EED790CF}.Release|Any CPU.Build.0 = Release|Any CPU
		{BA42E219-66D7-4022-BA27-85613A2938B9}.Debug|Any CPU.ActiveCfg = Debug|Any CPU
		{BA42E219-66D7-4022-BA27-85613A2938B9}.Debug|Any CPU.Build.0 = Debug|Any CPU
		{BA42E219-66D7-4022-BA27-85613A2938B9}.Release|Any CPU.ActiveCfg = Release|Any CPU
		{BA42E219-66D7-4022-BA27-85613A2938B9}.Release|Any CPU.Build.0 = Release|Any CPU
		{27BEFD7E-AB96-429C-B097-FF5F56759E56}.Debug|Any CPU.ActiveCfg = Debug|Any CPU
		{27BEFD7E-AB96-429C-B097-FF5F56759E56}.Debug|Any CPU.Build.0 = Debug|Any CPU
		{27BEFD7E-AB96-429C-B097-FF5F56759E56}.Release|Any CPU.ActiveCfg = Release|Any CPU
		{27BEFD7E-AB96-429C-B097-FF5F56759E56}.Release|Any CPU.Build.0 = Release|Any CPU
		{F1EAAF80-F835-4806-A0A0-D31791DB35A9}.Debug|Any CPU.ActiveCfg = Debug|Any CPU
		{F1EAAF80-F835-4806-A0A0-D31791DB35A9}.Debug|Any CPU.Build.0 = Debug|Any CPU
		{F1EAAF80-F835-4806-A0A0-D31791DB35A9}.Release|Any CPU.ActiveCfg = Release|Any CPU
		{F1EAAF80-F835-4806-A0A0-D31791DB35A9}.Release|Any CPU.Build.0 = Release|Any CPU
		{5D6FB50E-8FCF-44D6-B4E6-2FC17E6A98B8}.Debug|Any CPU.ActiveCfg = Debug|Any CPU
		{5D6FB50E-8FCF-44D6-B4E6-2FC17E6A98B8}.Debug|Any CPU.Build.0 = Debug|Any CPU
		{5D6FB50E-8FCF-44D6-B4E6-2FC17E6A98B8}.Release|Any CPU.ActiveCfg = Release|Any CPU
		{5D6FB50E-8FCF-44D6-B4E6-2FC17E6A98B8}.Release|Any CPU.Build.0 = Release|Any CPU
		{05BDB16A-3095-4EED-9823-1444544BB969}.Debug|Any CPU.ActiveCfg = Debug|Any CPU
		{05BDB16A-3095-4EED-9823-1444544BB969}.Debug|Any CPU.Build.0 = Debug|Any CPU
		{05BDB16A-3095-4EED-9823-1444544BB969}.Release|Any CPU.ActiveCfg = Release|Any CPU
		{05BDB16A-3095-4EED-9823-1444544BB969}.Release|Any CPU.Build.0 = Release|Any CPU
		{EC35BBF7-1630-47AE-9B62-58DAF26B5EA2}.Debug|Any CPU.ActiveCfg = Debug|Any CPU
		{EC35BBF7-1630-47AE-9B62-58DAF26B5EA2}.Debug|Any CPU.Build.0 = Debug|Any CPU
		{EC35BBF7-1630-47AE-9B62-58DAF26B5EA2}.Release|Any CPU.ActiveCfg = Release|Any CPU
		{EC35BBF7-1630-47AE-9B62-58DAF26B5EA2}.Release|Any CPU.Build.0 = Release|Any CPU
		{E72D8E2D-9533-4875-89C3-F524E0EB840B}.Debug|Any CPU.ActiveCfg = Debug|Any CPU
		{E72D8E2D-9533-4875-89C3-F524E0EB840B}.Debug|Any CPU.Build.0 = Debug|Any CPU
		{E72D8E2D-9533-4875-89C3-F524E0EB840B}.Release|Any CPU.ActiveCfg = Release|Any CPU
		{E72D8E2D-9533-4875-89C3-F524E0EB840B}.Release|Any CPU.Build.0 = Release|Any CPU
	EndGlobalSection
	GlobalSection(SolutionProperties) = preSolution
		HideSolutionNode = FALSE
	EndGlobalSection
	GlobalSection(ExtensibilityGlobals) = postSolution
		SolutionGuid = {C3B33402-7118-49A1-B3A7-FAA0CACE6B3B}
	EndGlobalSection
EndGlobal
